
Microsoft Visual Studio Solution File, Format Version 12.00
# Visual Studio Version 17
VisualStudioVersion = 17.8.34330.188
MinimumVisualStudioVersion = 10.0.40219.1
Project("{9A19103F-16F7-4668-BE54-9A1E7A4F7556}") = "ProductManagement.Api", "ProductManagement.Api\ProductManagement.Api.csproj", "{7AC9D473-5FA8-4A03-9A9A-4D8F76620FF7}"
EndProject
Project("{9A19103F-16F7-4668-BE54-9A1E7A4F7556}") = "ProductManagement.Domain", "ProductManagement.Domain\ProductManagement.Domain.csproj", "{249BD83A-4D9D-44F8-A4E4-F02F819A9828}"
EndProject
Project("{9A19103F-16F7-4668-BE54-9A1E7A4F7556}") = "ProductManagement.Tests", "ProductManagement.Tests\ProductManagement.Tests.csproj", "{C0D8085A-37A7-4394-B339-C71BFD0012B5}"
EndProject
Project("{9A19103F-16F7-4668-BE54-9A1E7A4F7556}") = "ProductManagement.Infrastructure", "ProductManagement.Infrastructure\ProductManagement.Infrastructure.csproj", "{32E23ED8-C990-4CC5-B80C-00E992C0C039}"
EndProject
Project("{9A19103F-16F7-4668-BE54-9A1E7A4F7556}") = "ProductManagement.Application", "ProductManagement.Application\ProductManagement.Application.csproj", "{7093E9F8-C6C0-4006-B089-199D121AE167}"
EndProject
Project("{E53339B2-1760-4266-BCC7-CA923CBCF16C}") = "docker-compose", "docker-compose.dcproj", "{3A60DC55-F71E-4C82-9A2A-F9F73F7A35BF}"
EndProject
Global
	GlobalSection(SolutionConfigurationPlatforms) = preSolution
		Debug|Any CPU = Debug|Any CPU
		Release|Any CPU = Release|Any CPU
	EndGlobalSection
	GlobalSection(ProjectConfigurationPlatforms) = postSolution
		{7AC9D473-5FA8-4A03-9A9A-4D8F76620FF7}.Debug|Any CPU.ActiveCfg = Debug|Any CPU
		{7AC9D473-5FA8-4A03-9A9A-4D8F76620FF7}.Debug|Any CPU.Build.0 = Debug|Any CPU
		{7AC9D473-5FA8-4A03-9A9A-4D8F76620FF7}.Release|Any CPU.ActiveCfg = Release|Any CPU
		{7AC9D473-5FA8-4A03-9A9A-4D8F76620FF7}.Release|Any CPU.Build.0 = Release|Any CPU
		{249BD83A-4D9D-44F8-A4E4-F02F819A9828}.Debug|Any CPU.ActiveCfg = Debug|Any CPU
		{249BD83A-4D9D-44F8-A4E4-F02F819A9828}.Debug|Any CPU.Build.0 = Debug|Any CPU
		{249BD83A-4D9D-44F8-A4E4-F02F819A9828}.Release|Any CPU.ActiveCfg = Release|Any CPU
		{249BD83A-4D9D-44F8-A4E4-F02F819A9828}.Release|Any CPU.Build.0 = Release|Any CPU
		{C0D8085A-37A7-4394-B339-C71BFD0012B5}.Debug|Any CPU.ActiveCfg = Debug|Any CPU
		{C0D8085A-37A7-4394-B339-C71BFD0012B5}.Debug|Any CPU.Build.0 = Debug|Any CPU
		{C0D8085A-37A7-4394-B339-C71BFD0012B5}.Release|Any CPU.ActiveCfg = Release|Any CPU
		{C0D8085A-37A7-4394-B339-C71BFD0012B5}.Release|Any CPU.Build.0 = Release|Any CPU
		{32E23ED8-C990-4CC5-B80C-00E992C0C039}.Debug|Any CPU.ActiveCfg = Debug|Any CPU
		{32E23ED8-C990-4CC5-B80C-00E992C0C039}.Debug|Any CPU.Build.0 = Debug|Any CPU
		{32E23ED8-C990-4CC5-B80C-00E992C0C039}.Release|Any CPU.ActiveCfg = Release|Any CPU
		{32E23ED8-C990-4CC5-B80C-00E992C0C039}.Release|Any CPU.Build.0 = Release|Any CPU
		{7093E9F8-C6C0-4006-B089-199D121AE167}.Debug|Any CPU.ActiveCfg = Debug|Any CPU
		{7093E9F8-C6C0-4006-B089-199D121AE167}.Debug|Any CPU.Build.0 = Debug|Any CPU
		{7093E9F8-C6C0-4006-B089-199D121AE167}.Release|Any CPU.ActiveCfg = Release|Any CPU
		{7093E9F8-C6C0-4006-B089-199D121AE167}.Release|Any CPU.Build.0 = Release|Any CPU
		{3A60DC55-F71E-4C82-9A2A-F9F73F7A35BF}.Debug|Any CPU.ActiveCfg = Debug|Any CPU
		{3A60DC55-F71E-4C82-9A2A-F9F73F7A35BF}.Debug|Any CPU.Build.0 = Debug|Any CPU
		{3A60DC55-F71E-4C82-9A2A-F9F73F7A35BF}.Release|Any CPU.ActiveCfg = Release|Any CPU
		{3A60DC55-F71E-4C82-9A2A-F9F73F7A35BF}.Release|Any CPU.Build.0 = Release|Any CPU
	EndGlobalSection
	GlobalSection(SolutionProperties) = preSolution
		HideSolutionNode = FALSE
	EndGlobalSection
	GlobalSection(ExtensibilityGlobals) = postSolution
		SolutionGuid = {4FAFF926-1611-48FD-B6EA-B9ECFDE7B405}
	EndGlobalSection
EndGlobal
